// !$*UTF8*$!
{
	archiveVersion = 1;
	classes = {
	};
	objectVersion = 50;
	objects = {

/* Begin PBXBuildFile section */
		FC9974F623A74A5F00F2B18D /* AppDelegate.swift in Sources */ = {isa = PBXBuildFile; fileRef = FC9974F523A74A5F00F2B18D /* AppDelegate.swift */; };
		FC9974F823A74A5F00F2B18D /* SceneDelegate.swift in Sources */ = {isa = PBXBuildFile; fileRef = FC9974F723A74A5F00F2B18D /* SceneDelegate.swift */; };
		FC9974FA23A74A5F00F2B18D /* ContentView.swift in Sources */ = {isa = PBXBuildFile; fileRef = FC9974F923A74A5F00F2B18D /* ContentView.swift */; };
		FC9974FC23A74A6700F2B18D /* Assets.xcassets in Resources */ = {isa = PBXBuildFile; fileRef = FC9974FB23A74A6700F2B18D /* Assets.xcassets */; };
		FC9974FF23A74A6700F2B18D /* Preview Assets.xcassets in Resources */ = {isa = PBXBuildFile; fileRef = FC9974FE23A74A6700F2B18D /* Preview Assets.xcassets */; };
		FC99750223A74A6700F2B18D /* LaunchScreen.storyboard in Resources */ = {isa = PBXBuildFile; fileRef = FC99750023A74A6700F2B18D /* LaunchScreen.storyboard */; };
/* End PBXBuildFile section */

/* Begin PBXFileReference section */
		FC9974F223A74A5F00F2B18D /* Conektr.app */ = {isa = PBXFileReference; explicitFileType = wrapper.application; includeInIndex = 0; path = Conektr.app; sourceTree = BUILT_PRODUCTS_DIR; };
		FC9974F523A74A5F00F2B18D /* AppDelegate.swift */ = {isa = PBXFileReference; lastKnownFileType = sourcecode.swift; path = AppDelegate.swift; sourceTree = "<group>"; };
		FC9974F723A74A5F00F2B18D /* SceneDelegate.swift */ = {isa = PBXFileReference; lastKnownFileType = sourcecode.swift; path = SceneDelegate.swift; sourceTree = "<group>"; };
		FC9974F923A74A5F00F2B18D /* ContentView.swift */ = {isa = PBXFileReference; lastKnownFileType = sourcecode.swift; path = ContentView.swift; sourceTree = "<group>"; };
		FC9974FB23A74A6700F2B18D /* Assets.xcassets */ = {isa = PBXFileReference; lastKnownFileType = folder.assetcatalog; path = Assets.xcassets; sourceTree = "<group>"; };
		FC9974FE23A74A6700F2B18D /* Preview Assets.xcassets */ = {isa = PBXFileReference; lastKnownFileType = folder.assetcatalog; path = "Preview Assets.xcassets"; sourceTree = "<group>"; };
		FC99750123A74A6700F2B18D /* Base */ = {isa = PBXFileReference; lastKnownFileType = file.storyboard; name = Base; path = Base.lproj/LaunchScreen.storyboard; sourceTree = "<group>"; };
		FC99750323A74A6700F2B18D /* Info.plist */ = {isa = PBXFileReference; lastKnownFileType = text.plist.xml; path = Info.plist; sourceTree = "<group>"; };
/* End PBXFileReference section */

/* Begin PBXFrameworksBuildPhase section */
		FC9974EF23A74A5F00F2B18D /* Frameworks */ = {
			isa = PBXFrameworksBuildPhase;
			buildActionMask = 2147483647;
			files = (
			);
			runOnlyForDeploymentPostprocessing = 0;
		};
/* End PBXFrameworksBuildPhase section */

/* Begin PBXGroup section */
		FC9974E923A74A5F00F2B18D = {
			isa = PBXGroup;
			children = (
				FC9974F423A74A5F00F2B18D /* Conektr */,
				FC9974F323A74A5F00F2B18D /* Products */,
			);
			sourceTree = "<group>";
		};
		FC9974F323A74A5F00F2B18D /* Products */ = {
			isa = PBXGroup;
			children = (
				FC9974F223A74A5F00F2B18D /* Conektr.app */,
			);
			name = Products;
			sourceTree = "<group>";
		};
		FC9974F423A74A5F00F2B18D /* Conektr */ = {
			isa = PBXGroup;
			children = (
				FC9974F523A74A5F00F2B18D /* AppDelegate.swift */,
				FC9974F723A74A5F00F2B18D /* SceneDelegate.swift */,
				FC9974F923A74A5F00F2B18D /* ContentView.swift */,
				FC9974FB23A74A6700F2B18D /* Assets.xcassets */,
				FC99750023A74A6700F2B18D /* LaunchScreen.storyboard */,
				FC99750323A74A6700F2B18D /* Info.plist */,
				FC9974FD23A74A6700F2B18D /* Preview Content */,
			);
			path = Conektr;
			sourceTree = "<group>";
		};
		FC9974FD23A74A6700F2B18D /* Preview Content */ = {
			isa = PBXGroup;
			children = (
				FC9974FE23A74A6700F2B18D /* Preview Assets.xcassets */,
			);
			path = "Preview Content";
			sourceTree = "<group>";
		};
/* End PBXGroup section */

/* Begin PBXNativeTarget section */
		FC9974F123A74A5F00F2B18D /* Conektr */ = {
			isa = PBXNativeTarget;
			buildConfigurationList = FC99750623A74A6700F2B18D /* Build configuration list for PBXNativeTarget "Conektr" */;
			buildPhases = (
				FC9974EE23A74A5F00F2B18D /* Sources */,
				FC9974EF23A74A5F00F2B18D /* Frameworks */,
				FC9974F023A74A5F00F2B18D /* Resources */,
			);
			buildRules = (
			);
			dependencies = (
			);
			name = Conektr;
			productName = Conektr;
			productReference = FC9974F223A74A5F00F2B18D /* Conektr.app */;
			productType = "com.apple.product-type.application";
		};
/* End PBXNativeTarget section */

/* Begin PBXProject section */
		FC9974EA23A74A5F00F2B18D /* Project object */ = {
			isa = PBXProject;
			attributes = {
				LastSwiftUpdateCheck = 1120;
				LastUpgradeCheck = 1120;
				ORGANIZATIONNAME = "Mr. Nabeel";
				TargetAttributes = {
					FC9974F123A74A5F00F2B18D = {
						CreatedOnToolsVersion = 11.2.1;
					};
				};
			};
			buildConfigurationList = FC9974ED23A74A5F00F2B18D /* Build configuration list for PBXProject "Conektr" */;
			compatibilityVersion = "Xcode 9.3";
			developmentRegion = en;
			hasScannedForEncodings = 0;
			knownRegions = (
				en,
				Base,
			);
			mainGroup = FC9974E923A74A5F00F2B18D;
			productRefGroup = FC9974F323A74A5F00F2B18D /* Products */;
			projectDirPath = "";
			projectRoot = "";
			targets = (
				FC9974F123A74A5F00F2B18D /* Conektr */,
			);
		};
/* End PBXProject section */

/* Begin PBXResourcesBuildPhase section */
		FC9974F023A74A5F00F2B18D /* Resources */ = {
			isa = PBXResourcesBuildPhase;
			buildActionMask = 2147483647;
			files = (
				FC99750223A74A6700F2B18D /* LaunchScreen.storyboard in Resources */,
				FC9974FF23A74A6700F2B18D /* Preview Assets.xcassets in Resources */,
				FC9974FC23A74A6700F2B18D /* Assets.xcassets in Resources */,
			);
			runOnlyForDeploymentPostprocessing = 0;
		};
/* End PBXResourcesBuildPhase section */

/* Begin PBXSourcesBuildPhase section */
		FC9974EE23A74A5F00F2B18D /* Sources */ = {
			isa = PBXSourcesBuildPhase;
			buildActionMask = 2147483647;
			files = (
				FC9974F623A74A5F00F2B18D /* AppDelegate.swift in Sources */,
				FC9974F823A74A5F00F2B18D /* SceneDelegate.swift in Sources */,
				FC9974FA23A74A5F00F2B18D /* ContentView.swift in Sources */,
			);
			runOnlyForDeploymentPostprocessing = 0;
		};
/* End PBXSourcesBuildPhase section */

/* Begin PBXVariantGroup section */
		FC99750023A74A6700F2B18D /* LaunchScreen.storyboard */ = {
			isa = PBXVariantGroup;
			children = (
				FC99750123A74A6700F2B18D /* Base */,
			);
			name = LaunchScreen.storyboard;
			sourceTree = "<group>";
		};
/* End PBXVariantGroup section */

/* Begin XCBuildConfiguration section */
		FC99750423A74A6700F2B18D /* Debug */ = {
			isa = XCBuildConfiguration;
			buildSettings = {
				ALWAYS_SEARCH_USER_PATHS = NO;
				CLANG_ANALYZER_NONNULL = YES;
				CLANG_ANALYZER_NUMBER_OBJECT_CONVERSION = YES_AGGRESSIVE;
				CLANG_CXX_LANGUAGE_STANDARD = "gnu++14";
				CLANG_CXX_LIBRARY = "libc++";
				CLANG_ENABLE_MODULES = YES;
				CLANG_ENABLE_OBJC_ARC = YES;
				CLANG_ENABLE_OBJC_WEAK = YES;
				CLANG_WARN_BLOCK_CAPTURE_AUTORELEASING = YES;
				CLANG_WARN_BOOL_CONVERSION = YES;
				CLANG_WARN_COMMA = YES;
				CLANG_WARN_CONSTANT_CONVERSION = YES;
				CLANG_WARN_DEPRECATED_OBJC_IMPLEMENTATIONS = YES;
				CLANG_WARN_DIRECT_OBJC_ISA_USAGE = YES_ERROR;
				CLANG_WARN_DOCUMENTATION_COMMENTS = YES;
				CLANG_WARN_EMPTY_BODY = YES;
				CLANG_WARN_ENUM_CONVERSION = YES;
				CLANG_WARN_INFINITE_RECURSION = YES;
				CLANG_WARN_INT_CONVERSION = YES;
				CLANG_WARN_NON_LITERAL_NULL_CONVERSION = YES;
				CLANG_WARN_OBJC_IMPLICIT_RETAIN_SELF = YES;
				CLANG_WARN_OBJC_LITERAL_CONVERSION = YES;
				CLANG_WARN_OBJC_ROOT_CLASS = YES_ERROR;
				CLANG_WARN_RANGE_LOOP_ANALYSIS = YES;
				CLANG_WARN_STRICT_PROTOTYPES = YES;
				CLANG_WARN_SUSPICIOUS_MOVE = YES;
				CLANG_WARN_UNGUARDED_AVAILABILITY = YES_AGGRESSIVE;
				CLANG_WARN_UNREACHABLE_CODE = YES;
				CLANG_WARN__DUPLICATE_METHOD_MATCH = YES;
				COPY_PHASE_STRIP = NO;
				DEBUG_INFORMATION_FORMAT = dwarf;
				ENABLE_STRICT_OBJC_MSGSEND = YES;
				ENABLE_TESTABILITY = YES;
				GCC_C_LANGUAGE_STANDARD = gnu11;
				GCC_DYNAMIC_NO_PIC = NO;
				GCC_NO_COMMON_BLOCKS = YES;
				GCC_OPTIMIZATION_LEVEL = 0;
				GCC_PREPROCESSOR_DEFINITIONS = (
					"DEBUG=1",
					"$(inherited)",
				);
				GCC_WARN_64_TO_32_BIT_CONVERSION = YES;
				GCC_WARN_ABOUT_RETURN_TYPE = YES_ERROR;
				GCC_WARN_UNDECLARED_SELECTOR = YES;
				GCC_WARN_UNINITIALIZED_AUTOS = YES_AGGRESSIVE;
				GCC_WARN_UNUSED_FUNCTION = YES;
				GCC_WARN_UNUSED_VARIABLE = YES;
				IPHONEOS_DEPLOYMENT_TARGET = 13.2;
				MTL_ENABLE_DEBUG_INFO = INCLUDE_SOURCE;
				MTL_FAST_MATH = YES;
				ONLY_ACTIVE_ARCH = YES;
				SDKROOT = iphoneos;
				SWIFT_ACTIVE_COMPILATION_CONDITIONS = DEBUG;
				SWIFT_OPTIMIZATION_LEVEL = "-Onone";
			};
			name = Debug;
		};
		FC99750523A74A6700F2B18D /* Release */ = {
			isa = XCBuildConfiguration;
			buildSettings = {
				ALWAYS_SEARCH_USER_PATHS = NO;
				CLANG_ANALYZER_NONNULL = YES;
				CLANG_ANALYZER_NUMBER_OBJECT_CONVERSION = YES_AGGRESSIVE;
				CLANG_CXX_LANGUAGE_STANDARD = "gnu++14";
				CLANG_CXX_LIBRARY = "libc++";
				CLANG_ENABLE_MODULES = YES;
				CLANG_ENABLE_OBJC_ARC = YES;
				CLANG_ENABLE_OBJC_WEAK = YES;
				CLANG_WARN_BLOCK_CAPTURE_AUTORELEASING = YES;
				CLANG_WARN_BOOL_CONVERSION = YES;
				CLANG_WARN_COMMA = YES;
				CLANG_WARN_CONSTANT_CONVERSION = YES;
				CLANG_WARN_DEPRECATED_OBJC_IMPLEMENTATIONS = YES;
				CLANG_WARN_DIRECT_OBJC_ISA_USAGE = YES_ERROR;
				CLANG_WARN_DOCUMENTATION_COMMENTS = YES;
				CLANG_WARN_EMPTY_BODY = YES;
				CLANG_WARN_ENUM_CONVERSION = YES;
				CLANG_WARN_INFINITE_RECURSION = YES;
				CLANG_WARN_INT_CONVERSION = YES;
				CLANG_WARN_NON_LITERAL_NULL_CONVERSION = YES;
				CLANG_WARN_OBJC_IMPLICIT_RETAIN_SELF = YES;
				CLANG_WARN_OBJC_LITERAL_CONVERSION = YES;
				CLANG_WARN_OBJC_ROOT_CLASS = YES_ERROR;
				CLANG_WARN_RANGE_LOOP_ANALYSIS = YES;
				CLANG_WARN_STRICT_PROTOTYPES = YES;
				CLANG_WARN_SUSPICIOUS_MOVE = YES;
				CLANG_WARN_UNGUARDED_AVAILABILITY = YES_AGGRESSIVE;
				CLANG_WARN_UNREACHABLE_CODE = YES;
				CLANG_WARN__DUPLICATE_METHOD_MATCH = YES;
				COPY_PHASE_STRIP = NO;
				DEBUG_INFORMATION_FORMAT = "dwarf-with-dsym";
				ENABLE_NS_ASSERTIONS = NO;
				ENABLE_STRICT_OBJC_MSGSEND = YES;
				GCC_C_LANGUAGE_STANDARD = gnu11;
				GCC_NO_COMMON_BLOCKS = YES;
				GCC_WARN_64_TO_32_BIT_CONVERSION = YES;
				GCC_WARN_ABOUT_RETURN_TYPE = YES_ERROR;
				GCC_WARN_UNDECLARED_SELECTOR = YES;
				GCC_WARN_UNINITIALIZED_AUTOS = YES_AGGRESSIVE;
				GCC_WARN_UNUSED_FUNCTION = YES;
				GCC_WARN_UNUSED_VARIABLE = YES;
				IPHONEOS_DEPLOYMENT_TARGET = 13.2;
				MTL_ENABLE_DEBUG_INFO = NO;
				MTL_FAST_MATH = YES;
				SDKROOT = iphoneos;
				SWIFT_COMPILATION_MODE = wholemodule;
				SWIFT_OPTIMIZATION_LEVEL = "-O";
				VALIDATE_PRODUCT = YES;
			};
			name = Release;
		};
		FC99750723A74A6700F2B18D /* Debug */ = {
			isa = XCBuildConfiguration;
			buildSettings = {
				ASSETCATALOG_COMPILER_APPICON_NAME = AppIcon;
				CODE_SIGN_STYLE = Automatic;
				DEVELOPMENT_ASSET_PATHS = "\"Conektr/Preview Content\"";
				DEVELOPMENT_TEAM = 4JMBM32V39;
				ENABLE_PREVIEWS = YES;
				INFOPLIST_FILE = Conektr/Info.plist;
				LD_RUNPATH_SEARCH_PATHS = (
					"$(inherited)",
					"@executable_path/Frameworks",
				);
				PRODUCT_BUNDLE_IDENTIFIER = MNHsoft.Conektr;
				PRODUCT_NAME = "$(TARGET_NAME)";
				SWIFT_VERSION = 5.0;
				TARGETED_DEVICE_FAMILY = "1,2";
			};
			name = Debug;
		};
		FC99750823A74A6700F2B18D /* Release */ = {
			isa = XCBuildConfiguration;
			buildSettings = {
				ASSETCATALOG_COMPILER_APPICON_NAME = AppIcon;
				CODE_SIGN_STYLE = Automatic;
				DEVELOPMENT_ASSET_PATHS = "\"Conektr/Preview Content\"";
				DEVELOPMENT_TEAM = 4JMBM32V39;
				ENABLE_PREVIEWS = YES;
				INFOPLIST_FILE = Conektr/Info.plist;
				LD_RUNPATH_SEARCH_PATHS = (
					"$(inherited)",
					"@executable_path/Frameworks",
				);
				PRODUCT_BUNDLE_IDENTIFIER = MNHsoft.Conektr;
				PRODUCT_NAME = "$(TARGET_NAME)";
				SWIFT_VERSION = 5.0;
				TARGETED_DEVICE_FAMILY = "1,2";
			};
			name = Release;
		};
/* End XCBuildConfiguration section */

/* Begin XCConfigurationList section */
		FC9974ED23A74A5F00F2B18D /* Build configuration list for PBXProject "Conektr" */ = {
			isa = XCConfigurationList;
			buildConfigurations = (
				FC99750423A74A6700F2B18D /* Debug */,
				FC99750523A74A6700F2B18D /* Release */,
			);
			defaultConfigurationIsVisible = 0;
			defaultConfigurationName = Release;
		};
		FC99750623A74A6700F2B18D /* Build configuration list for PBXNativeTarget "Conektr" */ = {
			isa = XCConfigurationList;
			buildConfigurations = (
				FC99750723A74A6700F2B18D /* Debug */,
				FC99750823A74A6700F2B18D /* Release */,
			);
			defaultConfigurationIsVisible = 0;
			defaultConfigurationName = Release;
		};
/* End XCConfigurationList section */
	};
	rootObject = FC9974EA23A74A5F00F2B18D /* Project object */;
}
